{
  "object": {
    "pins": [
      {
        "package": "SwiftyUserDefaults",
        "repositoryURL": "https://github.com/sunshinejr/SwiftyUserDefaults.git",
        "state": {
          "branch": null,
          "revision": "28c8805314e67683f727c3376e69cbd4b8b590bb",
          "version": "5.1.0"
        }
      }
    ]
  },
  "version": 1
}
